// !$*UTF8*$!
{
	archiveVersion = 1;
	classes = {
	};
	objectVersion = 50;
	objects = {

/* Begin PBXBuildFile section */
		53624572232061CF0068759A /* AppDelegate.swift in Sources */ = {isa = PBXBuildFile; fileRef = 53624571232061CF0068759A /* AppDelegate.swift */; };
		53624574232061CF0068759A /* ViewController.swift in Sources */ = {isa = PBXBuildFile; fileRef = 53624573232061CF0068759A /* ViewController.swift */; };
		53624577232061CF0068759A /* Main.storyboard in Resources */ = {isa = PBXBuildFile; fileRef = 53624575232061CF0068759A /* Main.storyboard */; };
		53624579232061D10068759A /* Assets.xcassets in Resources */ = {isa = PBXBuildFile; fileRef = 53624578232061D10068759A /* Assets.xcassets */; };
		5362457C232061D10068759A /* LaunchScreen.storyboard in Resources */ = {isa = PBXBuildFile; fileRef = 5362457A232061D10068759A /* LaunchScreen.storyboard */; };
		53624586232061E60068759A /* CloudKit.framework in Frameworks */ = {isa = PBXBuildFile; fileRef = 53624585232061E60068759A /* CloudKit.framework */; };
		5362458D2320629E0068759A /* Person.swift in Sources */ = {isa = PBXBuildFile; fileRef = 5362458C2320629E0068759A /* Person.swift */; };
/* End PBXBuildFile section */

/* Begin PBXFileReference section */
		5362456E232061CF0068759A /* PairGenerator.app */ = {isa = PBXFileReference; explicitFileType = wrapper.application; includeInIndex = 0; path = PairGenerator.app; sourceTree = BUILT_PRODUCTS_DIR; };
		53624571232061CF0068759A /* AppDelegate.swift */ = {isa = PBXFileReference; lastKnownFileType = sourcecode.swift; path = AppDelegate.swift; sourceTree = "<group>"; };
		53624573232061CF0068759A /* ViewController.swift */ = {isa = PBXFileReference; lastKnownFileType = sourcecode.swift; path = ViewController.swift; sourceTree = "<group>"; };
		53624576232061CF0068759A /* Base */ = {isa = PBXFileReference; lastKnownFileType = file.storyboard; name = Base; path = Base.lproj/Main.storyboard; sourceTree = "<group>"; };
		53624578232061D10068759A /* Assets.xcassets */ = {isa = PBXFileReference; lastKnownFileType = folder.assetcatalog; path = Assets.xcassets; sourceTree = "<group>"; };
		5362457B232061D10068759A /* Base */ = {isa = PBXFileReference; lastKnownFileType = file.storyboard; name = Base; path = Base.lproj/LaunchScreen.storyboard; sourceTree = "<group>"; };
		5362457D232061D10068759A /* Info.plist */ = {isa = PBXFileReference; lastKnownFileType = text.plist.xml; path = Info.plist; sourceTree = "<group>"; };
		53624583232061E30068759A /* PairGenerator.entitlements */ = {isa = PBXFileReference; lastKnownFileType = text.plist.entitlements; path = PairGenerator.entitlements; sourceTree = "<group>"; };
		53624585232061E60068759A /* CloudKit.framework */ = {isa = PBXFileReference; lastKnownFileType = wrapper.framework; name = CloudKit.framework; path = System/Library/Frameworks/CloudKit.framework; sourceTree = SDKROOT; };
		5362458C2320629E0068759A /* Person.swift */ = {isa = PBXFileReference; lastKnownFileType = sourcecode.swift; path = Person.swift; sourceTree = "<group>"; };
/* End PBXFileReference section */

/* Begin PBXFrameworksBuildPhase section */
		5362456B232061CF0068759A /* Frameworks */ = {
			isa = PBXFrameworksBuildPhase;
			buildActionMask = 2147483647;
			files = (
				53624586232061E60068759A /* CloudKit.framework in Frameworks */,
			);
			runOnlyForDeploymentPostprocessing = 0;
		};
/* End PBXFrameworksBuildPhase section */

/* Begin PBXGroup section */
		53624565232061CF0068759A = {
			isa = PBXGroup;
			children = (
				53624570232061CF0068759A /* PairGenerator */,
				5362456F232061CF0068759A /* Products */,
				53624584232061E60068759A /* Frameworks */,
			);
			sourceTree = "<group>";
		};
		5362456F232061CF0068759A /* Products */ = {
			isa = PBXGroup;
			children = (
				5362456E232061CF0068759A /* PairGenerator.app */,
			);
			name = Products;
			sourceTree = "<group>";
		};
		53624570232061CF0068759A /* PairGenerator */ = {
			isa = PBXGroup;
			children = (
				53624583232061E30068759A /* PairGenerator.entitlements */,
				5362458A2320623C0068759A /* Models */,
				5362458B232062460068759A /* ModelControllers */,
				53624588232062210068759A /* Views */,
				536245892320622A0068759A /* ViewControllers */,
				53624587232062150068759A /* Resources */,
			);
			path = PairGenerator;
			sourceTree = "<group>";
		};
		53624584232061E60068759A /* Frameworks */ = {
			isa = PBXGroup;
			children = (
				53624585232061E60068759A /* CloudKit.framework */,
			);
			name = Frameworks;
			sourceTree = "<group>";
		};
		53624587232062150068759A /* Resources */ = {
			isa = PBXGroup;
			children = (
				53624571232061CF0068759A /* AppDelegate.swift */,
				53624578232061D10068759A /* Assets.xcassets */,
				5362457A232061D10068759A /* LaunchScreen.storyboard */,
				5362457D232061D10068759A /* Info.plist */,
			);
			path = Resources;
			sourceTree = "<group>";
		};
		53624588232062210068759A /* Views */ = {
			isa = PBXGroup;
			children = (
				53624575232061CF0068759A /* Main.storyboard */,
			);
			path = Views;
			sourceTree = "<group>";
		};
		536245892320622A0068759A /* ViewControllers */ = {
			isa = PBXGroup;
			children = (
				53624573232061CF0068759A /* ViewController.swift */,
			);
			path = ViewControllers;
			sourceTree = "<group>";
		};
		5362458A2320623C0068759A /* Models */ = {
			isa = PBXGroup;
			children = (
				5362458C2320629E0068759A /* Person.swift */,
			);
			path = Models;
			sourceTree = "<group>";
		};
		5362458B232062460068759A /* ModelControllers */ = {
			isa = PBXGroup;
			children = (
			);
			path = ModelControllers;
			sourceTree = "<group>";
		};
/* End PBXGroup section */

/* Begin PBXNativeTarget section */
		5362456D232061CF0068759A /* PairGenerator */ = {
			isa = PBXNativeTarget;
			buildConfigurationList = 53624580232061D10068759A /* Build configuration list for PBXNativeTarget "PairGenerator" */;
			buildPhases = (
				5362456A232061CF0068759A /* Sources */,
				5362456B232061CF0068759A /* Frameworks */,
				5362456C232061CF0068759A /* Resources */,
			);
			buildRules = (
			);
			dependencies = (
			);
			name = PairGenerator;
			productName = PairGenerator;
			productReference = 5362456E232061CF0068759A /* PairGenerator.app */;
			productType = "com.apple.product-type.application";
		};
/* End PBXNativeTarget section */

/* Begin PBXProject section */
		53624566232061CF0068759A /* Project object */ = {
			isa = PBXProject;
			attributes = {
				LastSwiftUpdateCheck = 1030;
				LastUpgradeCheck = 1030;
				ORGANIZATIONNAME = "Madi S";
				TargetAttributes = {
					5362456D232061CF0068759A = {
						CreatedOnToolsVersion = 10.3;
						SystemCapabilities = {
							com.apple.Push = {
								enabled = 1;
							};
							com.apple.iCloud = {
								enabled = 1;
							};
						};
					};
				};
			};
			buildConfigurationList = 53624569232061CF0068759A /* Build configuration list for PBXProject "PairGenerator" */;
			compatibilityVersion = "Xcode 9.3";
			developmentRegion = en;
			hasScannedForEncodings = 0;
			knownRegions = (
				en,
				Base,
			);
			mainGroup = 53624565232061CF0068759A;
			productRefGroup = 5362456F232061CF0068759A /* Products */;
			projectDirPath = "";
			projectRoot = "";
			targets = (
				5362456D232061CF0068759A /* PairGenerator */,
			);
		};
/* End PBXProject section */

/* Begin PBXResourcesBuildPhase section */
		5362456C232061CF0068759A /* Resources */ = {
			isa = PBXResourcesBuildPhase;
			buildActionMask = 2147483647;
			files = (
				5362457C232061D10068759A /* LaunchScreen.storyboard in Resources */,
				53624579232061D10068759A /* Assets.xcassets in Resources */,
				53624577232061CF0068759A /* Main.storyboard in Resources */,
			);
			runOnlyForDeploymentPostprocessing = 0;
		};
/* End PBXResourcesBuildPhase section */

/* Begin PBXSourcesBuildPhase section */
		5362456A232061CF0068759A /* Sources */ = {
			isa = PBXSourcesBuildPhase;
			buildActionMask = 2147483647;
			files = (
				5362458D2320629E0068759A /* Person.swift in Sources */,
				53624574232061CF0068759A /* ViewController.swift in Sources */,
				53624572232061CF0068759A /* AppDelegate.swift in Sources */,
			);
			runOnlyForDeploymentPostprocessing = 0;
		};
/* End PBXSourcesBuildPhase section */

/* Begin PBXVariantGroup section */
		53624575232061CF0068759A /* Main.storyboard */ = {
			isa = PBXVariantGroup;
			children = (
				53624576232061CF0068759A /* Base */,
			);
			name = Main.storyboard;
			sourceTree = "<group>";
		};
		5362457A232061D10068759A /* LaunchScreen.storyboard */ = {
			isa = PBXVariantGroup;
			children = (
				5362457B232061D10068759A /* Base */,
			);
			name = LaunchScreen.storyboard;
			sourceTree = "<group>";
		};
/* End PBXVariantGroup section */

/* Begin XCBuildConfiguration section */
		5362457E232061D10068759A /* Debug */ = {
			isa = XCBuildConfiguration;
			buildSettings = {
				ALWAYS_SEARCH_USER_PATHS = NO;
				CLANG_ANALYZER_NONNULL = YES;
				CLANG_ANALYZER_NUMBER_OBJECT_CONVERSION = YES_AGGRESSIVE;
				CLANG_CXX_LANGUAGE_STANDARD = "gnu++14";
				CLANG_CXX_LIBRARY = "libc++";
				CLANG_ENABLE_MODULES = YES;
				CLANG_ENABLE_OBJC_ARC = YES;
				CLANG_ENABLE_OBJC_WEAK = YES;
				CLANG_WARN_BLOCK_CAPTURE_AUTORELEASING = YES;
				CLANG_WARN_BOOL_CONVERSION = YES;
				CLANG_WARN_COMMA = YES;
				CLANG_WARN_CONSTANT_CONVERSION = YES;
				CLANG_WARN_DEPRECATED_OBJC_IMPLEMENTATIONS = YES;
				CLANG_WARN_DIRECT_OBJC_ISA_USAGE = YES_ERROR;
				CLANG_WARN_DOCUMENTATION_COMMENTS = YES;
				CLANG_WARN_EMPTY_BODY = YES;
				CLANG_WARN_ENUM_CONVERSION = YES;
				CLANG_WARN_INFINITE_RECURSION = YES;
				CLANG_WARN_INT_CONVERSION = YES;
				CLANG_WARN_NON_LITERAL_NULL_CONVERSION = YES;
				CLANG_WARN_OBJC_IMPLICIT_RETAIN_SELF = YES;
				CLANG_WARN_OBJC_LITERAL_CONVERSION = YES;
				CLANG_WARN_OBJC_ROOT_CLASS = YES_ERROR;
				CLANG_WARN_RANGE_LOOP_ANALYSIS = YES;
				CLANG_WARN_STRICT_PROTOTYPES = YES;
				CLANG_WARN_SUSPICIOUS_MOVE = YES;
				CLANG_WARN_UNGUARDED_AVAILABILITY = YES_AGGRESSIVE;
				CLANG_WARN_UNREACHABLE_CODE = YES;
				CLANG_WARN__DUPLICATE_METHOD_MATCH = YES;
				CODE_SIGN_IDENTITY = "iPhone Developer";
				COPY_PHASE_STRIP = NO;
				DEBUG_INFORMATION_FORMAT = dwarf;
				ENABLE_STRICT_OBJC_MSGSEND = YES;
				ENABLE_TESTABILITY = YES;
				GCC_C_LANGUAGE_STANDARD = gnu11;
				GCC_DYNAMIC_NO_PIC = NO;
				GCC_NO_COMMON_BLOCKS = YES;
				GCC_OPTIMIZATION_LEVEL = 0;
				GCC_PREPROCESSOR_DEFINITIONS = (
					"DEBUG=1",
					"$(inherited)",
				);
				GCC_WARN_64_TO_32_BIT_CONVERSION = YES;
				GCC_WARN_ABOUT_RETURN_TYPE = YES_ERROR;
				GCC_WARN_UNDECLARED_SELECTOR = YES;
				GCC_WARN_UNINITIALIZED_AUTOS = YES_AGGRESSIVE;
				GCC_WARN_UNUSED_FUNCTION = YES;
				GCC_WARN_UNUSED_VARIABLE = YES;
				IPHONEOS_DEPLOYMENT_TARGET = 12.4;
				MTL_ENABLE_DEBUG_INFO = INCLUDE_SOURCE;
				MTL_FAST_MATH = YES;
				ONLY_ACTIVE_ARCH = YES;
				SDKROOT = iphoneos;
				SWIFT_ACTIVE_COMPILATION_CONDITIONS = DEBUG;
				SWIFT_OPTIMIZATION_LEVEL = "-Onone";
			};
			name = Debug;
		};
		5362457F232061D10068759A /* Release */ = {
			isa = XCBuildConfiguration;
			buildSettings = {
				ALWAYS_SEARCH_USER_PATHS = NO;
				CLANG_ANALYZER_NONNULL = YES;
				CLANG_ANALYZER_NUMBER_OBJECT_CONVERSION = YES_AGGRESSIVE;
				CLANG_CXX_LANGUAGE_STANDARD = "gnu++14";
				CLANG_CXX_LIBRARY = "libc++";
				CLANG_ENABLE_MODULES = YES;
				CLANG_ENABLE_OBJC_ARC = YES;
				CLANG_ENABLE_OBJC_WEAK = YES;
				CLANG_WARN_BLOCK_CAPTURE_AUTORELEASING = YES;
				CLANG_WARN_BOOL_CONVERSION = YES;
				CLANG_WARN_COMMA = YES;
				CLANG_WARN_CONSTANT_CONVERSION = YES;
				CLANG_WARN_DEPRECATED_OBJC_IMPLEMENTATIONS = YES;
				CLANG_WARN_DIRECT_OBJC_ISA_USAGE = YES_ERROR;
				CLANG_WARN_DOCUMENTATION_COMMENTS = YES;
				CLANG_WARN_EMPTY_BODY = YES;
				CLANG_WARN_ENUM_CONVERSION = YES;
				CLANG_WARN_INFINITE_RECURSION = YES;
				CLANG_WARN_INT_CONVERSION = YES;
				CLANG_WARN_NON_LITERAL_NULL_CONVERSION = YES;
				CLANG_WARN_OBJC_IMPLICIT_RETAIN_SELF = YES;
				CLANG_WARN_OBJC_LITERAL_CONVERSION = YES;
				CLANG_WARN_OBJC_ROOT_CLASS = YES_ERROR;
				CLANG_WARN_RANGE_LOOP_ANALYSIS = YES;
				CLANG_WARN_STRICT_PROTOTYPES = YES;
				CLANG_WARN_SUSPICIOUS_MOVE = YES;
				CLANG_WARN_UNGUARDED_AVAILABILITY = YES_AGGRESSIVE;
				CLANG_WARN_UNREACHABLE_CODE = YES;
				CLANG_WARN__DUPLICATE_METHOD_MATCH = YES;
				CODE_SIGN_IDENTITY = "iPhone Developer";
				COPY_PHASE_STRIP = NO;
				DEBUG_INFORMATION_FORMAT = "dwarf-with-dsym";
				ENABLE_NS_ASSERTIONS = NO;
				ENABLE_STRICT_OBJC_MSGSEND = YES;
				GCC_C_LANGUAGE_STANDARD = gnu11;
				GCC_NO_COMMON_BLOCKS = YES;
				GCC_WARN_64_TO_32_BIT_CONVERSION = YES;
				GCC_WARN_ABOUT_RETURN_TYPE = YES_ERROR;
				GCC_WARN_UNDECLARED_SELECTOR = YES;
				GCC_WARN_UNINITIALIZED_AUTOS = YES_AGGRESSIVE;
				GCC_WARN_UNUSED_FUNCTION = YES;
				GCC_WARN_UNUSED_VARIABLE = YES;
				IPHONEOS_DEPLOYMENT_TARGET = 12.4;
				MTL_ENABLE_DEBUG_INFO = NO;
				MTL_FAST_MATH = YES;
				SDKROOT = iphoneos;
				SWIFT_COMPILATION_MODE = wholemodule;
				SWIFT_OPTIMIZATION_LEVEL = "-O";
				VALIDATE_PRODUCT = YES;
			};
			name = Release;
		};
		53624581232061D10068759A /* Debug */ = {
			isa = XCBuildConfiguration;
			buildSettings = {
				ASSETCATALOG_COMPILER_APPICON_NAME = AppIcon;
				CODE_SIGN_ENTITLEMENTS = PairGenerator/PairGenerator.entitlements;
				CODE_SIGN_STYLE = Automatic;
				DEVELOPMENT_TEAM = 8MJ3MC3A9A;
				INFOPLIST_FILE = PairGenerator/Info.plist;
				LD_RUNPATH_SEARCH_PATHS = (
					"$(inherited)",
					"@executable_path/Frameworks",
				);
				PRODUCT_BUNDLE_IDENTIFIER = "Madi-S.PairGenerator";
				PRODUCT_NAME = "$(TARGET_NAME)";
				SWIFT_VERSION = 5.0;
				TARGETED_DEVICE_FAMILY = "1,2";
			};
			name = Debug;
		};
		53624582232061D10068759A /* Release */ = {
			isa = XCBuildConfiguration;
			buildSettings = {
				ASSETCATALOG_COMPILER_APPICON_NAME = AppIcon;
				CODE_SIGN_ENTITLEMENTS = PairGenerator/PairGenerator.entitlements;
				CODE_SIGN_STYLE = Automatic;
				DEVELOPMENT_TEAM = 8MJ3MC3A9A;
				INFOPLIST_FILE = PairGenerator/Info.plist;
				LD_RUNPATH_SEARCH_PATHS = (
					"$(inherited)",
					"@executable_path/Frameworks",
				);
				PRODUCT_BUNDLE_IDENTIFIER = "Madi-S.PairGenerator";
				PRODUCT_NAME = "$(TARGET_NAME)";
				SWIFT_VERSION = 5.0;
				TARGETED_DEVICE_FAMILY = "1,2";
			};
			name = Release;
		};
/* End XCBuildConfiguration section */

/* Begin XCConfigurationList section */
		53624569232061CF0068759A /* Build configuration list for PBXProject "PairGenerator" */ = {
			isa = XCConfigurationList;
			buildConfigurations = (
				5362457E232061D10068759A /* Debug */,
				5362457F232061D10068759A /* Release */,
			);
			defaultConfigurationIsVisible = 0;
			defaultConfigurationName = Release;
		};
		53624580232061D10068759A /* Build configuration list for PBXNativeTarget "PairGenerator" */ = {
			isa = XCConfigurationList;
			buildConfigurations = (
				53624581232061D10068759A /* Debug */,
				53624582232061D10068759A /* Release */,
			);
			defaultConfigurationIsVisible = 0;
			defaultConfigurationName = Release;
		};
/* End XCConfigurationList section */
	};
	rootObject = 53624566232061CF0068759A /* Project object */;
}
